// !$*UTF8*$!
{
	archiveVersion = 1;
	classes = {
	};
	objectVersion = 77;
	objects = {

/* Begin PBXBuildFile section */
		0C31117C300F94A1004301F5 /* WidgetKit.framework in Frameworks */ = {isa = PBXBuildFile; fileRef = 0C31117B300F94A1004301F5 /* WidgetKit.framework */; };
		0C31117E300F94A1004301F5 /* SwiftUI.framework in Frameworks */ = {isa = PBXBuildFile; fileRef = 0C31117D300F94A1004301F5 /* SwiftUI.framework */; };
		0C31118B300F94A2004301F5 /* MacCalendarWidgetExtension.appex in Embed Foundation Extensions */ = {isa = PBXBuildFile; fileRef = 0C311179300F94A1004301F5 /* MacCalendarWidgetExtension.appex */; settings = {ATTRIBUTES = (RemoveHeadersOnCopy, ); }; };
		0C311191300F94A2004301F5 /* 2015.json in Resources */ = {isa = PBXBuildFile; fileRef = 0CE2D2002E89390000C92A10 /* 2015.json */; };
		0C311192300F94A2004301F5 /* 2016.json in Resources */ = {isa = PBXBuildFile; fileRef = 0CE2D2012E89390000C92A10 /* 2016.json */; };
		0C311193300F94A2004301F5 /* (null) in Resources */ = {isa = PBXBuildFile; };
		0C311194300F94A2004301F5 /* (null) in Resources */ = {isa = PBXBuildFile; };
		0C311195300F94A2004301F5 /* (null) in Resources */ = {isa = PBXBuildFile; };
		0C311196300F94A2004301F5 /* (null) in Resources */ = {isa = PBXBuildFile; };
		0C311197300F94A2004301F5 /* (null) in Resources */ = {isa = PBXBuildFile; };
		0C311198300F94A2004301F5 /* (null) in Resources */ = {isa = PBXBuildFile; };
		0C311199300F94A2004301F5 /* (null) in Resources */ = {isa = PBXBuildFile; };
		0C31119A300F94A2004301F5 /* (null) in Resources */ = {isa = PBXBuildFile; };
		0C31119B300F94A2004301F5 /* (null) in Resources */ = {isa = PBXBuildFile; };
		0C31119C300F94A2004301F5 /* (null) in Resources */ = {isa = PBXBuildFile; };
		0C31119D300F94A2004301F5 /* MacCalendar/Utils/LunarDateHelper.swift in Sources */ = {isa = PBXBuildFile; fileRef = 0CE2D2212E89390000C92A10 /* MacCalendar/Utils/LunarDateHelper.swift */; };
		0C31119E300F94A2004301F5 /* MacCalendar/Utils/HolidayHelper.swift in Sources */ = {isa = PBXBuildFile; fileRef = 0CE2D2222E89390000C92A10 /* MacCalendar/Utils/HolidayHelper.swift */; };
		0C31119F300F94A2004301F5 /* MacCalendar/Utils/SolarTermHelper.swift in Sources */ = {isa = PBXBuildFile; fileRef = 0CE2D2232E89390000C92A10 /* MacCalendar/Utils/SolarTermHelper.swift */; };
		0C3111A0300F94A2004301F5 /* MacCalendar/Utils/OffdayHelper.swift in Sources */ = {isa = PBXBuildFile; fileRef = 0CE2D2242E89390000C92A10 /* MacCalendar/Utils/OffdayHelper.swift */; };
		0C3111A1300F94A2004301F5 /* MacCalendar/Models/OffdayData.swift in Sources */ = {isa = PBXBuildFile; fileRef = 0CE2D2252E89390000C92A10 /* MacCalendar/Models/OffdayData.swift */; };
		0C3111A2300F94A2004301F5 /* MacCalendar/Utils/Extensions.swift in Sources */ = {isa = PBXBuildFile; fileRef = 0CE2D2262E89390000C92A10 /* MacCalendar/Utils/Extensions.swift */; };
		0C3111A3300F94A2004301F5 /* MacCalendar/Utils/WidgetDataHelper.swift in Sources */ = {isa = PBXBuildFile; fileRef = 0CE2D2272E89390000C92A10 /* MacCalendar/Utils/WidgetDataHelper.swift */; };
		0C3111A4300F94A2004301F5 /* MacCalendar/Core/SettingsManager.swift in Sources */ = {isa = PBXBuildFile; fileRef = 0CE2D2282E89390000C92A10 /* MacCalendar/Core/SettingsManager.swift */; };
		0C3111A53010E34700830EB4 /* MacCalendar/Utils/CalendarGridHelper.swift in Sources */ = {isa = PBXBuildFile; fileRef = 0CE2D2293010E34700830EB4 /* MacCalendar/Utils/CalendarGridHelper.swift */; };
		0C3111A73010E34700830EB4 /* MacCalendar/Core/SharedSettings.swift in Sources */ = {isa = PBXBuildFile; fileRef = 0CE2D22F2E89390000C92A10 /* MacCalendar/Core/SharedSettings.swift */; };
/* End PBXBuildFile section */

/* Begin PBXContainerItemProxy section */
		0C311189300F94A2004301F5 /* PBXContainerItemProxy */ = {
			isa = PBXContainerItemProxy;
			containerPortal = 0CE2D1D62E89321A00C92A10 /* Project object */;
			proxyType = 1;
			remoteGlobalIDString = 0C311178300F94A1004301F5;
			remoteInfo = MacCalendarWidgetExtension;
		};
/* End PBXContainerItemProxy section */

/* Begin PBXCopyFilesBuildPhase section */
		0C31118C300F94A2004301F5 /* Embed Foundation Extensions */ = {
			isa = PBXCopyFilesBuildPhase;
			buildActionMask = 2147483647;
			dstPath = "";
			dstSubfolderSpec = 13;
			files = (
				0C31118B300F94A2004301F5 /* MacCalendarWidgetExtension.appex in Embed Foundation Extensions */,
			);
			name = "Embed Foundation Extensions";
			runOnlyForDeploymentPostprocessing = 0;
		};
/* End PBXCopyFilesBuildPhase section */

/* Begin PBXFileReference section */
		0C311179300F94A1004301F5 /* MacCalendarWidgetExtension.appex */ = {isa = PBXFileReference; explicitFileType = "wrapper.app-extension"; includeInIndex = 0; path = MacCalendarWidgetExtension.appex; sourceTree = BUILT_PRODUCTS_DIR; };
		0C31117B300F94A1004301F5 /* WidgetKit.framework */ = {isa = PBXFileReference; lastKnownFileType = wrapper.framework; name = WidgetKit.framework; path = System/Library/Frameworks/WidgetKit.framework; sourceTree = SDKROOT; };
		0C31117D300F94A1004301F5 /* SwiftUI.framework */ = {isa = PBXFileReference; lastKnownFileType = wrapper.framework; name = SwiftUI.framework; path = System/Library/Frameworks/SwiftUI.framework; sourceTree = SDKROOT; };
		0CE2D1DE2E89321A00C92A10 /* MacCalendar.app */ = {isa = PBXFileReference; explicitFileType = wrapper.application; includeInIndex = 0; path = MacCalendar.app; sourceTree = BUILT_PRODUCTS_DIR; };
		0CE2D2002E89390000C92A10 /* 2015.json */ = {isa = PBXFileReference; lastKnownFileType = text.json; path = 2015.json; sourceTree = "<group>"; };
		0CE2D2012E89390000C92A10 /* 2016.json */ = {isa = PBXFileReference; lastKnownFileType = text.json; path = 2016.json; sourceTree = "<group>"; };
		0CE2D2022E89390000C92A10 /* 2017.json */ = {isa = PBXFileReference; lastKnownFileType = text.json; path = 2017.json; sourceTree = "<group>"; };
		0CE2D2032E89390000C92A10 /* 2018.json */ = {isa = PBXFileReference; lastKnownFileType = text.json; path = 2018.json; sourceTree = "<group>"; };
		0CE2D2042E89390000C92A10 /* 2019.json */ = {isa = PBXFileReference; lastKnownFileType = text.json; path = 2019.json; sourceTree = "<group>"; };
		0CE2D2052E89390000C92A10 /* 2020.json */ = {isa = PBXFileReference; lastKnownFileType = text.json; path = 2020.json; sourceTree = "<group>"; };
		0CE2D2062E89390000C92A10 /* 2021.json */ = {isa = PBXFileReference; lastKnownFileType = text.json; path = 2021.json; sourceTree = "<group>"; };
		0CE2D2072E89390000C92A10 /* 2022.json */ = {isa = PBXFileReference; lastKnownFileType = text.json; path = 2022.json; sourceTree = "<group>"; };
		0CE2D2082E89390000C92A10 /* 2023.json */ = {isa = PBXFileReference; lastKnownFileType = text.json; path = 2023.json; sourceTree = "<group>"; };
		0CE2D2092E89390000C92A10 /* 2024.json */ = {isa = PBXFileReference; lastKnownFileType = text.json; path = 2024.json; sourceTree = "<group>"; };
		0CE2D20A2E89390000C92A10 /* 2025.json */ = {isa = PBXFileReference; lastKnownFileType = text.json; path = 2025.json; sourceTree = "<group>"; };
		0CE2D20B2E89390000C92A10 /* 2026.json */ = {isa = PBXFileReference; lastKnownFileType = text.json; path = 2026.json; sourceTree = "<group>"; };
		0CE2D2212E89390000C92A10 /* MacCalendar/Utils/LunarDateHelper.swift */ = {isa = PBXFileReference; lastKnownFileType = sourcecode.swift; path = MacCalendar/Utils/LunarDateHelper.swift; sourceTree = "<group>"; };
		0CE2D2222E89390000C92A10 /* MacCalendar/Utils/HolidayHelper.swift */ = {isa = PBXFileReference; lastKnownFileType = sourcecode.swift; path = MacCalendar/Utils/HolidayHelper.swift; sourceTree = "<group>"; };
		0CE2D2232E89390000C92A10 /* MacCalendar/Utils/SolarTermHelper.swift */ = {isa = PBXFileReference; lastKnownFileType = sourcecode.swift; path = MacCalendar/Utils/SolarTermHelper.swift; sourceTree = "<group>"; };
		0CE2D2242E89390000C92A10 /* MacCalendar/Utils/OffdayHelper.swift */ = {isa = PBXFileReference; lastKnownFileType = sourcecode.swift; path = MacCalendar/Utils/OffdayHelper.swift; sourceTree = "<group>"; };
		0CE2D2252E89390000C92A10 /* MacCalendar/Models/OffdayData.swift */ = {isa = PBXFileReference; lastKnownFileType = sourcecode.swift; path = MacCalendar/Models/OffdayData.swift; sourceTree = "<group>"; };
		0CE2D2262E89390000C92A10 /* MacCalendar/Utils/Extensions.swift */ = {isa = PBXFileReference; lastKnownFileType = sourcecode.swift; path = MacCalendar/Utils/Extensions.swift; sourceTree = "<group>"; };
		0CE2D2272E89390000C92A10 /* MacCalendar/Utils/WidgetDataHelper.swift */ = {isa = PBXFileReference; lastKnownFileType = sourcecode.swift; path = MacCalendar/Utils/WidgetDataHelper.swift; sourceTree = "<group>"; };
		0CE2D2282E89390000C92A10 /* MacCalendar/Core/SettingsManager.swift */ = {isa = PBXFileReference; lastKnownFileType = sourcecode.swift; path = MacCalendar/Core/SettingsManager.swift; sourceTree = "<group>"; };
		0CE2D2293010E34700830EB4 /* MacCalendar/Utils/CalendarGridHelper.swift */ = {isa = PBXFileReference; lastKnownFileType = sourcecode.swift; path = MacCalendar/Utils/CalendarGridHelper.swift; sourceTree = "<group>"; };
		0CE2D22F2E89390000C92A10 /* MacCalendar/Core/SharedSettings.swift */ = {isa = PBXFileReference; lastKnownFileType = sourcecode.swift; path = MacCalendar/Core/SharedSettings.swift; sourceTree = "<group>"; };
/* End PBXFileReference section */

/* Begin PBXFileSystemSynchronizedBuildFileExceptionSet section */
		0C311190300F94A2004301F5 /* Exceptions for "MacCalendarWidget" folder in "MacCalendarWidgetExtension" target */ = {
			isa = PBXFileSystemSynchronizedBuildFileExceptionSet;
			membershipExceptions = (
				Info.plist,
			);
			target = 0C311178300F94A1004301F5 /* MacCalendarWidgetExtension */;
		};
		0CE2D1F92E89383100C92A10 /* Exceptions for "MacCalendar" folder in "MacCalendar" target */ = {
			isa = PBXFileSystemSynchronizedBuildFileExceptionSet;
			membershipExceptions = (
				Info.plist,
			);
			target = 0CE2D1DD2E89321A00C92A10 /* MacCalendar */;
		};
/* End PBXFileSystemSynchronizedBuildFileExceptionSet section */

/* Begin PBXFileSystemSynchronizedRootGroup section */
		0C31117F300F94A1004301F5 /* MacCalendarWidget */ = {
			isa = PBXFileSystemSynchronizedRootGroup;
			exceptions = (
				0C311190300F94A2004301F5 /* Exceptions for "MacCalendarWidget" folder in "MacCalendarWidgetExtension" target */,
			);
			path = MacCalendarWidget;
			sourceTree = "<group>";
		};
		0CE2D1E02E89321A00C92A10 /* MacCalendar */ = {
			isa = PBXFileSystemSynchronizedRootGroup;
			exceptions = (
				0CE2D1F92E89383100C92A10 /* Exceptions for "MacCalendar" folder in "MacCalendar" target */,
			);
			path = MacCalendar;
			sourceTree = "<group>";
		};
/* End PBXFileSystemSynchronizedRootGroup section */

/* Begin PBXFrameworksBuildPhase section */
		0C311176300F94A1004301F5 /* Frameworks */ = {
			isa = PBXFrameworksBuildPhase;
			buildActionMask = 2147483647;
			files = (
				0C31117E300F94A1004301F5 /* SwiftUI.framework in Frameworks */,
				0C31117C300F94A1004301F5 /* WidgetKit.framework in Frameworks */,
			);
			runOnlyForDeploymentPostprocessing = 0;
		};
		0CE2D1DB2E89321A00C92A10 /* Frameworks */ = {
			isa = PBXFrameworksBuildPhase;
			buildActionMask = 2147483647;
			files = (
			);
			runOnlyForDeploymentPostprocessing = 0;
		};
/* End PBXFrameworksBuildPhase section */

/* Begin PBXGroup section */
		0C09FBFD3010E34700830EB4 /* Recovered References */ = {
			isa = PBXGroup;
			children = (
				0CE2D2212E89390000C92A10 /* MacCalendar/Utils/LunarDateHelper.swift */,
				0CE2D2222E89390000C92A10 /* MacCalendar/Utils/HolidayHelper.swift */,
				0CE2D2232E89390000C92A10 /* MacCalendar/Utils/SolarTermHelper.swift */,
				0CE2D2242E89390000C92A10 /* MacCalendar/Utils/OffdayHelper.swift */,
				0CE2D2252E89390000C92A10 /* MacCalendar/Models/OffdayData.swift */,
				0CE2D2262E89390000C92A10 /* MacCalendar/Utils/Extensions.swift */,
				0CE2D2272E89390000C92A10 /* MacCalendar/Utils/WidgetDataHelper.swift */,
				0CE2D2282E89390000C92A10 /* MacCalendar/Core/SettingsManager.swift */,
				0CE2D2293010E34700830EB4 /* MacCalendar/Utils/CalendarGridHelper.swift */,
				0CE2D22F2E89390000C92A10 /* MacCalendar/Core/SharedSettings.swift */,
			);
			name = "Recovered References";
			sourceTree = "<group>";
		};
		0C31117A300F94A1004301F5 /* Frameworks */ = {
			isa = PBXGroup;
			children = (
				0C31117B300F94A1004301F5 /* WidgetKit.framework */,
				0C31117D300F94A1004301F5 /* SwiftUI.framework */,
			);
			name = Frameworks;
			sourceTree = "<group>";
		};
		0CE2D1D52E89321A00C92A10 = {
			isa = PBXGroup;
			children = (
				0CE2D1E02E89321A00C92A10 /* MacCalendar */,
				0C31117F300F94A1004301F5 /* MacCalendarWidget */,
				0C31117A300F94A1004301F5 /* Frameworks */,
				0CE2D1DF2E89321A00C92A10 /* Products */,
				0CE2D2202E89390000C92A10 /* MacCalendar/Data */,
				0C09FBFD3010E34700830EB4 /* Recovered References */,
			);
			sourceTree = "<group>";
		};
		0CE2D1DF2E89321A00C92A10 /* Products */ = {
			isa = PBXGroup;
			children = (
				0CE2D1DE2E89321A00C92A10 /* MacCalendar.app */,
				0C311179300F94A1004301F5 /* MacCalendarWidgetExtension.appex */,
			);
			name = Products;
			sourceTree = "<group>";
		};
		0CE2D2202E89390000C92A10 /* MacCalendar/Data */ = {
			isa = PBXGroup;
			children = (
				0CE2D2002E89390000C92A10 /* 2015.json */,
				0CE2D2012E89390000C92A10 /* 2016.json */,
				0CE2D2022E89390000C92A10 /* 2017.json */,
				0CE2D2032E89390000C92A10 /* 2018.json */,
				0CE2D2042E89390000C92A10 /* 2019.json */,
				0CE2D2052E89390000C92A10 /* 2020.json */,
				0CE2D2062E89390000C92A10 /* 2021.json */,
				0CE2D2072E89390000C92A10 /* 2022.json */,
				0CE2D2082E89390000C92A10 /* 2023.json */,
				0CE2D2092E89390000C92A10 /* 2024.json */,
				0CE2D20A2E89390000C92A10 /* 2025.json */,
				0CE2D20B2E89390000C92A10 /* 2026.json */,
			);
			path = MacCalendar/Data;
			sourceTree = "<group>";
		};
/* End PBXGroup section */

/* Begin PBXNativeTarget section */
		0C311178300F94A1004301F5 /* MacCalendarWidgetExtension */ = {
			isa = PBXNativeTarget;
			buildConfigurationList = 0C31118F300F94A2004301F5 /* Build configuration list for PBXNativeTarget "MacCalendarWidgetExtension" */;
			buildPhases = (
				0C311175300F94A1004301F5 /* Sources */,
				0C311176300F94A1004301F5 /* Frameworks */,
				0C311177300F94A1004301F5 /* Resources */,
			);
			buildRules = (
			);
			dependencies = (
			);
			fileSystemSynchronizedGroups = (
				0C31117F300F94A1004301F5 /* MacCalendarWidget */,
			);
			name = MacCalendarWidgetExtension;
			packageProductDependencies = (
			);
			productName = MacCalendarWidgetExtension;
			productReference = 0C311179300F94A1004301F5 /* MacCalendarWidgetExtension.appex */;
			productType = "com.apple.product-type.app-extension";
		};
		0CE2D1DD2E89321A00C92A10 /* MacCalendar */ = {
			isa = PBXNativeTarget;
			buildConfigurationList = 0CE2D1E92E89321B00C92A10 /* Build configuration list for PBXNativeTarget "MacCalendar" */;
			buildPhases = (
				0CE2D1DA2E89321A00C92A10 /* Sources */,
				0CE2D1DB2E89321A00C92A10 /* Frameworks */,
				0CE2D1DC2E89321A00C92A10 /* Resources */,
				0C31118C300F94A2004301F5 /* Embed Foundation Extensions */,
			);
			buildRules = (
			);
			dependencies = (
				0C31118A300F94A2004301F5 /* PBXTargetDependency */,
			);
			fileSystemSynchronizedGroups = (
				0CE2D1E02E89321A00C92A10 /* MacCalendar */,
			);
			name = MacCalendar;
			packageProductDependencies = (
			);
			productName = MacCalendar;
			productReference = 0CE2D1DE2E89321A00C92A10 /* MacCalendar.app */;
			productType = "com.apple.product-type.application";
		};
/* End PBXNativeTarget section */

/* Begin PBXProject section */
		0CE2D1D62E89321A00C92A10 /* Project object */ = {
			isa = PBXProject;
			attributes = {
				BuildIndependentTargetsInParallel = 1;
				LastSwiftUpdateCheck = 2660;
				LastUpgradeCheck = 2600;
				TargetAttributes = {
					0C311178300F94A1004301F5 = {
						CreatedOnToolsVersion = 26.6;
					};
					0CE2D1DD2E89321A00C92A10 = {
						CreatedOnToolsVersion = 26.0.1;
					};
				};
			};
			buildConfigurationList = 0CE2D1D92E89321A00C92A10 /* Build configuration list for PBXProject "MacCalendar" */;
			developmentRegion = "zh-Hans";
			hasScannedForEncodings = 0;
			knownRegions = (
				en,
				Base,
				"zh-Hans",
			);
			mainGroup = 0CE2D1D52E89321A00C92A10;
			minimizedProjectReferenceProxies = 1;
			preferredProjectObjectVersion = 77;
			productRefGroup = 0CE2D1DF2E89321A00C92A10 /* Products */;
			projectDirPath = "";
			projectRoot = "";
			targets = (
				0CE2D1DD2E89321A00C92A10 /* MacCalendar */,
				0C311178300F94A1004301F5 /* MacCalendarWidgetExtension */,
			);
		};
/* End PBXProject section */

/* Begin PBXResourcesBuildPhase section */
		0C311177300F94A1004301F5 /* Resources */ = {
			isa = PBXResourcesBuildPhase;
			buildActionMask = 2147483647;
			files = (
				0C311191300F94A2004301F5 /* 2015.json in Resources */,
				0C311192300F94A2004301F5 /* 2016.json in Resources */,
				0C311193300F94A2004301F5 /* (null) in Resources */,
				0C311194300F94A2004301F5 /* (null) in Resources */,
				0C311195300F94A2004301F5 /* (null) in Resources */,
				0C311196300F94A2004301F5 /* (null) in Resources */,
				0C311197300F94A2004301F5 /* (null) in Resources */,
				0C311198300F94A2004301F5 /* (null) in Resources */,
				0C311199300F94A2004301F5 /* (null) in Resources */,
				0C31119A300F94A2004301F5 /* (null) in Resources */,
				0C31119B300F94A2004301F5 /* (null) in Resources */,
				0C31119C300F94A2004301F5 /* (null) in Resources */,
			);
			runOnlyForDeploymentPostprocessing = 0;
		};
		0CE2D1DC2E89321A00C92A10 /* Resources */ = {
			isa = PBXResourcesBuildPhase;
			buildActionMask = 2147483647;
			files = (
			);
			runOnlyForDeploymentPostprocessing = 0;
		};
/* End PBXResourcesBuildPhase section */

/* Begin PBXSourcesBuildPhase section */
		0C311175300F94A1004301F5 /* Sources */ = {
			isa = PBXSourcesBuildPhase;
			buildActionMask = 2147483647;
			files = (
				0C31119D300F94A2004301F5 /* MacCalendar/Utils/LunarDateHelper.swift in Sources */,
				0C31119E300F94A2004301F5 /* MacCalendar/Utils/HolidayHelper.swift in Sources */,
				0C31119F300F94A2004301F5 /* MacCalendar/Utils/SolarTermHelper.swift in Sources */,
				0C3111A0300F94A2004301F5 /* MacCalendar/Utils/OffdayHelper.swift in Sources */,
				0C3111A1300F94A2004301F5 /* MacCalendar/Models/OffdayData.swift in Sources */,
				0C3111A2300F94A2004301F5 /* MacCalendar/Utils/Extensions.swift in Sources */,
				0C3111A3300F94A2004301F5 /* MacCalendar/Utils/WidgetDataHelper.swift in Sources */,
				0C3111A4300F94A2004301F5 /* MacCalendar/Core/SettingsManager.swift in Sources */,
				0C3111A53010E34700830EB4 /* MacCalendar/Utils/CalendarGridHelper.swift in Sources */,
				0C3111A73010E34700830EB4 /* MacCalendar/Core/SharedSettings.swift in Sources */,
			);
			runOnlyForDeploymentPostprocessing = 0;
		};
		0CE2D1DA2E89321A00C92A10 /* Sources */ = {
			isa = PBXSourcesBuildPhase;
			buildActionMask = 2147483647;
			files = (
			);
			runOnlyForDeploymentPostprocessing = 0;
		};
/* End PBXSourcesBuildPhase section */

/* Begin PBXTargetDependency section */
		0C31118A300F94A2004301F5 /* PBXTargetDependency */ = {
			isa = PBXTargetDependency;
			target = 0C311178300F94A1004301F5 /* MacCalendarWidgetExtension */;
			targetProxy = 0C311189300F94A2004301F5 /* PBXContainerItemProxy */;
		};
/* End PBXTargetDependency section */

/* Begin XCBuildConfiguration section */
		0C31118D300F94A2004301F5 /* Debug */ = {
			isa = XCBuildConfiguration;
			buildSettings = {
				ASSETCATALOG_COMPILER_GLOBAL_ACCENT_COLOR_NAME = AccentColor;
				ASSETCATALOG_COMPILER_WIDGET_BACKGROUND_COLOR_NAME = WidgetBackground;
				CODE_SIGN_ALLOWED = YES;
				CODE_SIGN_ENTITLEMENTS = MacCalendarWidget/MacCalendarWidgetExtension.entitlements;
				CODE_SIGN_IDENTITY = "-";
				CODE_SIGN_REQUIRED = NO;
				CODE_SIGN_STYLE = Automatic;
				CURRENT_PROJECT_VERSION = 36;
				ENABLE_APP_SANDBOX = YES;
				ENABLE_HARDENED_RUNTIME = YES;
				GENERATE_INFOPLIST_FILE = YES;
				INFOPLIST_FILE = MacCalendarWidget/Info.plist;
				INFOPLIST_KEY_CFBundleDisplayName = MacCalendarWidget;
				INFOPLIST_KEY_NSHumanReadableCopyright = "";
				LD_RUNPATH_SEARCH_PATHS = (
					"$(inherited)",
					"@executable_path/../Frameworks",
					"@executable_path/../../../../Frameworks",
				);
				MACOSX_DEPLOYMENT_TARGET = 14.6;
				MARKETING_VERSION = 1.7.19;
				PRODUCT_BUNDLE_IDENTIFIER = Lin.MacCalendar.MacCalendarWidget;
				PRODUCT_NAME = "$(TARGET_NAME)";
				REGISTER_APP_GROUPS = NO;
				SDKROOT = macosx;
				SKIP_INSTALL = YES;
				STRING_CATALOG_GENERATE_SYMBOLS = YES;
				SWIFT_APPROACHABLE_CONCURRENCY = YES;
				SWIFT_EMIT_LOC_STRINGS = YES;
				SWIFT_UPCOMING_FEATURE_MEMBER_IMPORT_VISIBILITY = YES;
				SWIFT_VERSION = 5.0;
			};
			name = Debug;
		};
		0C31118E300F94A2004301F5 /* Release */ = {
			isa = XCBuildConfiguration;
			buildSettings = {
				ASSETCATALOG_COMPILER_GLOBAL_ACCENT_COLOR_NAME = AccentColor;
				ASSETCATALOG_COMPILER_WIDGET_BACKGROUND_COLOR_NAME = WidgetBackground;
				CODE_SIGN_ALLOWED = YES;
				CODE_SIGN_ENTITLEMENTS = MacCalendarWidget/MacCalendarWidgetExtension.entitlements;
				CODE_SIGN_IDENTITY = "-";
				CODE_SIGN_REQUIRED = NO;
				CODE_SIGN_STYLE = Automatic;
				CURRENT_PROJECT_VERSION = 36;
				ENABLE_APP_SANDBOX = YES;
				ENABLE_HARDENED_RUNTIME = YES;
				GENERATE_INFOPLIST_FILE = YES;
				INFOPLIST_FILE = MacCalendarWidget/Info.plist;
				INFOPLIST_KEY_CFBundleDisplayName = MacCalendarWidget;
				INFOPLIST_KEY_NSHumanReadableCopyright = "";
				LD_RUNPATH_SEARCH_PATHS = (
					"$(inherited)",
					"@executable_path/../Frameworks",
					"@executable_path/../../../../Frameworks",
				);
				MACOSX_DEPLOYMENT_TARGET = 14.6;
				MARKETING_VERSION = 1.7.19;
				PRODUCT_BUNDLE_IDENTIFIER = Lin.MacCalendar.MacCalendarWidget;
				PRODUCT_NAME = "$(TARGET_NAME)";
				REGISTER_APP_GROUPS = NO;
				SDKROOT = macosx;
				SKIP_INSTALL = YES;
				STRING_CATALOG_GENERATE_SYMBOLS = YES;
				SWIFT_APPROACHABLE_CONCURRENCY = YES;
				SWIFT_EMIT_LOC_STRINGS = YES;
				SWIFT_UPCOMING_FEATURE_MEMBER_IMPORT_VISIBILITY = YES;
				SWIFT_VERSION = 5.0;
			};
			name = Release;
		};
		0CE2D1E72E89321B00C92A10 /* Debug */ = {
			isa = XCBuildConfiguration;
			buildSettings = {
				ALWAYS_SEARCH_USER_PATHS = NO;
				ASSETCATALOG_COMPILER_GENERATE_SWIFT_ASSET_SYMBOL_EXTENSIONS = YES;
				CLANG_ANALYZER_NONNULL = YES;
				CLANG_ANALYZER_NUMBER_OBJECT_CONVERSION = YES_AGGRESSIVE;
				CLANG_CXX_LANGUAGE_STANDARD = "gnu++20";
				CLANG_ENABLE_MODULES = YES;
				CLANG_ENABLE_OBJC_ARC = YES;
				CLANG_ENABLE_OBJC_WEAK = YES;
				CLANG_WARN_BLOCK_CAPTURE_AUTORELEASING = YES;
				CLANG_WARN_BOOL_CONVERSION = YES;
				CLANG_WARN_COMMA = YES;
				CLANG_WARN_CONSTANT_CONVERSION = YES;
				CLANG_WARN_DEPRECATED_OBJC_IMPLEMENTATIONS = YES;
				CLANG_WARN_DIRECT_OBJC_ISA_USAGE = YES_ERROR;
				CLANG_WARN_DOCUMENTATION_COMMENTS = YES;
				CLANG_WARN_EMPTY_BODY = YES;
				CLANG_WARN_ENUM_CONVERSION = YES;
				CLANG_WARN_INFINITE_RECURSION = YES;
				CLANG_WARN_INT_CONVERSION = YES;
				CLANG_WARN_NON_LITERAL_NULL_CONVERSION = YES;
				CLANG_WARN_OBJC_IMPLICIT_RETAIN_SELF = YES;
				CLANG_WARN_OBJC_LITERAL_CONVERSION = YES;
				CLANG_WARN_OBJC_ROOT_CLASS = YES_ERROR;
				CLANG_WARN_QUOTED_INCLUDE_IN_FRAMEWORK_HEADER = YES;
				CLANG_WARN_RANGE_LOOP_ANALYSIS = YES;
				CLANG_WARN_STRICT_PROTOTYPES = YES;
				CLANG_WARN_SUSPICIOUS_MOVE = YES;
				CLANG_WARN_UNGUARDED_AVAILABILITY = YES_AGGRESSIVE;
				CLANG_WARN_UNREACHABLE_CODE = YES;
				CLANG_WARN__DUPLICATE_METHOD_MATCH = YES;
				COPY_PHASE_STRIP = NO;
				DEBUG_INFORMATION_FORMAT = dwarf;
				DEVELOPMENT_TEAM = B7NL26JPVD;
				ENABLE_STRICT_OBJC_MSGSEND = YES;
				ENABLE_TESTABILITY = YES;
				ENABLE_USER_SCRIPT_SANDBOXING = YES;
				GCC_C_LANGUAGE_STANDARD = gnu17;
				GCC_DYNAMIC_NO_PIC = NO;
				GCC_NO_COMMON_BLOCKS = YES;
				GCC_OPTIMIZATION_LEVEL = 0;
				GCC_PREPROCESSOR_DEFINITIONS = (
					"DEBUG=1",
					"$(inherited)",
				);
				GCC_WARN_64_TO_32_BIT_CONVERSION = YES;
				GCC_WARN_ABOUT_RETURN_TYPE = YES_ERROR;
				GCC_WARN_UNDECLARED_SELECTOR = YES;
				GCC_WARN_UNINITIALIZED_AUTOS = YES_AGGRESSIVE;
				GCC_WARN_UNUSED_FUNCTION = YES;
				GCC_WARN_UNUSED_VARIABLE = YES;
				LOCALIZATION_PREFERS_STRING_CATALOGS = YES;
				MTL_ENABLE_DEBUG_INFO = INCLUDE_SOURCE;
				MTL_FAST_MATH = YES;
				ONLY_ACTIVE_ARCH = YES;
				SWIFT_ACTIVE_COMPILATION_CONDITIONS = "DEBUG $(inherited)";
				SWIFT_OPTIMIZATION_LEVEL = "-Onone";
			};
			name = Debug;
		};
		0CE2D1E82E89321B00C92A10 /* Release */ = {
			isa = XCBuildConfiguration;
			buildSettings = {
				ALWAYS_SEARCH_USER_PATHS = NO;
				ASSETCATALOG_COMPILER_GENERATE_SWIFT_ASSET_SYMBOL_EXTENSIONS = YES;
				CLANG_ANALYZER_NONNULL = YES;
				CLANG_ANALYZER_NUMBER_OBJECT_CONVERSION = YES_AGGRESSIVE;
				CLANG_CXX_LANGUAGE_STANDARD = "gnu++20";
				CLANG_ENABLE_MODULES = YES;
				CLANG_ENABLE_OBJC_ARC = YES;
				CLANG_ENABLE_OBJC_WEAK = YES;
				CLANG_WARN_BLOCK_CAPTURE_AUTORELEASING = YES;
				CLANG_WARN_BOOL_CONVERSION = YES;
				CLANG_WARN_COMMA = YES;
				CLANG_WARN_CONSTANT_CONVERSION = YES;
				CLANG_WARN_DEPRECATED_OBJC_IMPLEMENTATIONS = YES;
				CLANG_WARN_DIRECT_OBJC_ISA_USAGE = YES_ERROR;
				CLANG_WARN_DOCUMENTATION_COMMENTS = YES;
				CLANG_WARN_EMPTY_BODY = YES;
				CLANG_WARN_ENUM_CONVERSION = YES;
				CLANG_WARN_INFINITE_RECURSION = YES;
				CLANG_WARN_INT_CONVERSION = YES;
				CLANG_WARN_NON_LITERAL_NULL_CONVERSION = YES;
				CLANG_WARN_OBJC_IMPLICIT_RETAIN_SELF = YES;
				CLANG_WARN_OBJC_LITERAL_CONVERSION = YES;
				CLANG_WARN_OBJC_ROOT_CLASS = YES_ERROR;
				CLANG_WARN_QUOTED_INCLUDE_IN_FRAMEWORK_HEADER = YES;
				CLANG_WARN_RANGE_LOOP_ANALYSIS = YES;
				CLANG_WARN_STRICT_PROTOTYPES = YES;
				CLANG_WARN_SUSPICIOUS_MOVE = YES;
				CLANG_WARN_UNGUARDED_AVAILABILITY = YES_AGGRESSIVE;
				CLANG_WARN_UNREACHABLE_CODE = YES;
				CLANG_WARN__DUPLICATE_METHOD_MATCH = YES;
				COPY_PHASE_STRIP = NO;
				DEBUG_INFORMATION_FORMAT = "dwarf-with-dsym";
				DEVELOPMENT_TEAM = B7NL26JPVD;
				ENABLE_NS_ASSERTIONS = NO;
				ENABLE_STRICT_OBJC_MSGSEND = YES;
				ENABLE_USER_SCRIPT_SANDBOXING = YES;
				GCC_C_LANGUAGE_STANDARD = gnu17;
				GCC_NO_COMMON_BLOCKS = YES;
				GCC_WARN_64_TO_32_BIT_CONVERSION = YES;
				GCC_WARN_ABOUT_RETURN_TYPE = YES_ERROR;
				GCC_WARN_UNDECLARED_SELECTOR = YES;
				GCC_WARN_UNINITIALIZED_AUTOS = YES_AGGRESSIVE;
				GCC_WARN_UNUSED_FUNCTION = YES;
				GCC_WARN_UNUSED_VARIABLE = YES;
				LOCALIZATION_PREFERS_STRING_CATALOGS = YES;
				MTL_ENABLE_DEBUG_INFO = NO;
				MTL_FAST_MATH = YES;
				SWIFT_COMPILATION_MODE = wholemodule;
			};
			name = Release;
		};
		0CE2D1EA2E89321B00C92A10 /* Debug */ = {
			isa = XCBuildConfiguration;
			buildSettings = {
				ASSETCATALOG_COMPILER_APPICON_NAME = AppIcon;
				ASSETCATALOG_COMPILER_GLOBAL_ACCENT_COLOR_NAME = AccentColor;
				CODE_SIGN_ALLOWED = YES;
				CODE_SIGN_ENTITLEMENTS = MacCalendar/MacCalendar.entitlements;
				CODE_SIGN_IDENTITY = "-";
				CODE_SIGN_REQUIRED = NO;
				CODE_SIGN_STYLE = Automatic;
				CURRENT_PROJECT_VERSION = 36;
				ENABLE_APP_SANDBOX = NO;
				ENABLE_HARDENED_RUNTIME = YES;
				ENABLE_INCOMING_NETWORK_CONNECTIONS = NO;
				ENABLE_OUTGOING_NETWORK_CONNECTIONS = YES;
				ENABLE_PREVIEWS = YES;
				ENABLE_RESOURCE_ACCESS_AUDIO_INPUT = NO;
				ENABLE_RESOURCE_ACCESS_BLUETOOTH = NO;
				ENABLE_RESOURCE_ACCESS_CALENDARS = NO;
				ENABLE_RESOURCE_ACCESS_CAMERA = NO;
				ENABLE_RESOURCE_ACCESS_CONTACTS = NO;
				ENABLE_RESOURCE_ACCESS_LOCATION = NO;
				ENABLE_RESOURCE_ACCESS_PRINTING = NO;
				ENABLE_RESOURCE_ACCESS_USB = NO;
				GENERATE_INFOPLIST_FILE = YES;
				INFOPLIST_FILE = MacCalendar/Info.plist;
				INFOPLIST_KEY_LSApplicationCategoryType = "public.app-category.utilities";
				INFOPLIST_KEY_LSUIElement = YES;
				INFOPLIST_KEY_NSCalendarsUsageDescription = "此应用需要访问您的日历以显示即将到来的事件。";
				"INFOPLIST_KEY_UIApplicationSceneManifest_Generation[sdk=iphoneos*]" = YES;
				"INFOPLIST_KEY_UIApplicationSceneManifest_Generation[sdk=iphonesimulator*]" = YES;
				"INFOPLIST_KEY_UIApplicationSupportsIndirectInputEvents[sdk=iphoneos*]" = YES;
				"INFOPLIST_KEY_UIApplicationSupportsIndirectInputEvents[sdk=iphonesimulator*]" = YES;
				"INFOPLIST_KEY_UILaunchScreen_Generation[sdk=iphoneos*]" = YES;
				"INFOPLIST_KEY_UILaunchScreen_Generation[sdk=iphonesimulator*]" = YES;
				"INFOPLIST_KEY_UIStatusBarStyle[sdk=iphoneos*]" = UIStatusBarStyleDefault;
				"INFOPLIST_KEY_UIStatusBarStyle[sdk=iphonesimulator*]" = UIStatusBarStyleDefault;
				INFOPLIST_KEY_UISupportedInterfaceOrientations_iPad = "UIInterfaceOrientationPortrait UIInterfaceOrientationPortraitUpsideDown UIInterfaceOrientationLandscapeLeft UIInterfaceOrientationLandscapeRight";
				INFOPLIST_KEY_UISupportedInterfaceOrientations_iPhone = "UIInterfaceOrientationPortrait UIInterfaceOrientationLandscapeLeft UIInterfaceOrientationLandscapeRight";
				IPHONEOS_DEPLOYMENT_TARGET = 26.0;
				LD_RUNPATH_SEARCH_PATHS = "@executable_path/Frameworks";
				"LD_RUNPATH_SEARCH_PATHS[sdk=macosx*]" = "@executable_path/../Frameworks";
				MACOSX_DEPLOYMENT_TARGET = 14.6;
				MARKETING_VERSION = 1.7.19;
				PRODUCT_BUNDLE_IDENTIFIER = Lin.MacCalendar;
				PRODUCT_NAME = "$(TARGET_NAME)";
				REGISTER_APP_GROUPS = NO;
				SDKROOT = auto;
				STRING_CATALOG_GENERATE_SYMBOLS = YES;
				SUPPORTED_PLATFORMS = "iphoneos iphonesimulator macosx xros xrsimulator";
				SWIFT_APPROACHABLE_CONCURRENCY = YES;
				SWIFT_DEFAULT_ACTOR_ISOLATION = MainActor;
				SWIFT_EMIT_LOC_STRINGS = YES;
				SWIFT_UPCOMING_FEATURE_MEMBER_IMPORT_VISIBILITY = YES;
				SWIFT_VERSION = 5.0;
				TARGETED_DEVICE_FAMILY = "1,2,7";
				VERSIONING_SYSTEM = "apple-generic";
				XROS_DEPLOYMENT_TARGET = 26.0;
			};
			name = Debug;
		};
		0CE2D1EB2E89321B00C92A10 /* Release */ = {
			isa = XCBuildConfiguration;
			buildSettings = {
				ASSETCATALOG_COMPILER_APPICON_NAME = AppIcon;
				ASSETCATALOG_COMPILER_GLOBAL_ACCENT_COLOR_NAME = AccentColor;
				CODE_SIGN_ALLOWED = YES;
				CODE_SIGN_ENTITLEMENTS = MacCalendar/MacCalendar.entitlements;
				CODE_SIGN_IDENTITY = "-";
				CODE_SIGN_REQUIRED = NO;
				CODE_SIGN_STYLE = Automatic;
				CURRENT_PROJECT_VERSION = 36;
				ENABLE_APP_SANDBOX = NO;
				ENABLE_HARDENED_RUNTIME = YES;
				ENABLE_INCOMING_NETWORK_CONNECTIONS = NO;
				ENABLE_OUTGOING_NETWORK_CONNECTIONS = YES;
				ENABLE_PREVIEWS = YES;
				ENABLE_RESOURCE_ACCESS_AUDIO_INPUT = NO;
				ENABLE_RESOURCE_ACCESS_BLUETOOTH = NO;
				ENABLE_RESOURCE_ACCESS_CALENDARS = NO;
				ENABLE_RESOURCE_ACCESS_CAMERA = NO;
				ENABLE_RESOURCE_ACCESS_CONTACTS = NO;
				ENABLE_RESOURCE_ACCESS_LOCATION = NO;
				ENABLE_RESOURCE_ACCESS_PRINTING = NO;
				ENABLE_RESOURCE_ACCESS_USB = NO;
				GENERATE_INFOPLIST_FILE = YES;
				INFOPLIST_FILE = MacCalendar/Info.plist;
				INFOPLIST_KEY_LSApplicationCategoryType = "public.app-category.utilities";
				INFOPLIST_KEY_LSUIElement = YES;
				INFOPLIST_KEY_NSCalendarsUsageDescription = "此应用需要访问您的日历以显示即将到来的事件。";
				"INFOPLIST_KEY_UIApplicationSceneManifest_Generation[sdk=iphoneos*]" = YES;
				"INFOPLIST_KEY_UIApplicationSceneManifest_Generation[sdk=iphonesimulator*]" = YES;
				"INFOPLIST_KEY_UIApplicationSupportsIndirectInputEvents[sdk=iphoneos*]" = YES;
				"INFOPLIST_KEY_UIApplicationSupportsIndirectInputEvents[sdk=iphonesimulator*]" = YES;
				"INFOPLIST_KEY_UILaunchScreen_Generation[sdk=iphoneos*]" = YES;
				"INFOPLIST_KEY_UILaunchScreen_Generation[sdk=iphonesimulator*]" = YES;
				"INFOPLIST_KEY_UIStatusBarStyle[sdk=iphoneos*]" = UIStatusBarStyleDefault;
				"INFOPLIST_KEY_UIStatusBarStyle[sdk=iphonesimulator*]" = UIStatusBarStyleDefault;
				INFOPLIST_KEY_UISupportedInterfaceOrientations_iPad = "UIInterfaceOrientationPortrait UIInterfaceOrientationPortraitUpsideDown UIInterfaceOrientationLandscapeLeft UIInterfaceOrientationLandscapeRight";
				INFOPLIST_KEY_UISupportedInterfaceOrientations_iPhone = "UIInterfaceOrientationPortrait UIInterfaceOrientationLandscapeLeft UIInterfaceOrientationLandscapeRight";
				IPHONEOS_DEPLOYMENT_TARGET = 26.0;
				LD_RUNPATH_SEARCH_PATHS = "@executable_path/Frameworks";
				"LD_RUNPATH_SEARCH_PATHS[sdk=macosx*]" = "@executable_path/../Frameworks";
				MACOSX_DEPLOYMENT_TARGET = 14.6;
				MARKETING_VERSION = 1.7.19;
				PRODUCT_BUNDLE_IDENTIFIER = Lin.MacCalendar;
				PRODUCT_NAME = "$(TARGET_NAME)";
				REGISTER_APP_GROUPS = NO;
				SDKROOT = auto;
				STRING_CATALOG_GENERATE_SYMBOLS = YES;
				SUPPORTED_PLATFORMS = "iphoneos iphonesimulator macosx xros xrsimulator";
				SWIFT_APPROACHABLE_CONCURRENCY = YES;
				SWIFT_DEFAULT_ACTOR_ISOLATION = MainActor;
				SWIFT_EMIT_LOC_STRINGS = YES;
				SWIFT_UPCOMING_FEATURE_MEMBER_IMPORT_VISIBILITY = YES;
				SWIFT_VERSION = 5.0;
				TARGETED_DEVICE_FAMILY = "1,2,7";
				VERSIONING_SYSTEM = "apple-generic";
				XROS_DEPLOYMENT_TARGET = 26.0;
			};
			name = Release;
		};
/* End XCBuildConfiguration section */

/* Begin XCConfigurationList section */
		0C31118F300F94A2004301F5 /* Build configuration list for PBXNativeTarget "MacCalendarWidgetExtension" */ = {
			isa = XCConfigurationList;
			buildConfigurations = (
				0C31118D300F94A2004301F5 /* Debug */,
				0C31118E300F94A2004301F5 /* Release */,
			);
			defaultConfigurationIsVisible = 0;
			defaultConfigurationName = Release;
		};
		0CE2D1D92E89321A00C92A10 /* Build configuration list for PBXProject "MacCalendar" */ = {
			isa = XCConfigurationList;
			buildConfigurations = (
				0CE2D1E72E89321B00C92A10 /* Debug */,
				0CE2D1E82E89321B00C92A10 /* Release */,
			);
			defaultConfigurationIsVisible = 0;
			defaultConfigurationName = Release;
		};
		0CE2D1E92E89321B00C92A10 /* Build configuration list for PBXNativeTarget "MacCalendar" */ = {
			isa = XCConfigurationList;
			buildConfigurations = (
				0CE2D1EA2E89321B00C92A10 /* Debug */,
				0CE2D1EB2E89321B00C92A10 /* Release */,
			);
			defaultConfigurationIsVisible = 0;
			defaultConfigurationName = Release;
		};
/* End XCConfigurationList section */
	};
	rootObject = 0CE2D1D62E89321A00C92A10 /* Project object */;
}
